
Microsoft Visual Studio Solution File, Format Version 12.00
# Visual Studio Version 17
VisualStudioVersion = 17.3.32922.545
MinimumVisualStudioVersion = 10.0.40219.1
Project("{9A19103F-16F7-4668-BE54-9A1E7A4F7556}") = "OOP.Inheritance", "OOP.Inheritance\OOP.Inheritance.csproj", "{3D958870-BC9C-4D9F-9A05-8EEA4788994C}"
EndProject
Project("{9A19103F-16F7-4668-BE54-9A1E7A4F7556}") = "OOP.AbstractClassandMethodApp", "OOP.AbstractClassandMethodApp\OOP.AbstractClassandMethodApp.csproj", "{ECB3CEEF-8CFA-4FF0-AADB-DA8507FE9E6C}"
EndProject
Project("{9A19103F-16F7-4668-BE54-9A1E7A4F7556}") = "OOP.AddAClass", "OOP.AddAClass\OOP.AddAClass.csproj", "{431EAA94-3F1C-43F7-8105-5AC86C76D549}"
EndProject
Project("{9A19103F-16F7-4668-BE54-9A1E7A4F7556}") = "OOP.Interfaces", "OOP.Interfaces\OOP.Interfaces.csproj", "{014B69E8-2728-4078-9DAC-44E3B828DF1C}"
EndProject
Project("{9A19103F-16F7-4668-BE54-9A1E7A4F7556}") = "OOP.Interfaces.IFormattables", "OOP.Interfaces.IFormattable\OOP.Interfaces.IFormattables.csproj", "{596FB306-F159-4E12-A7B4-0AFF3E58BB56}"
EndProject
Project("{FAE04EC0-301F-11D3-BF4B-00C04F79EFBC}") = "OOP.Interfaces.ICloneable_App", "OOP.Interfaces.ICloneable_App\OOP.Interfaces.ICloneable_App.csproj", "{C7969D9C-A60C-473B-B297-08871575C0C2}"
EndProject
Project("{FAE04EC0-301F-11D3-BF4B-00C04F79EFBC}") = "OOP.Interfaces.IComparableApp", "OOP.Interfaces.IComparableApp\OOP.Interfaces.IComparableApp.csproj", "{D93239FC-7AFA-4FB3-9376-E4C01396B58A}"
EndProject
Global
	GlobalSection(SolutionConfigurationPlatforms) = preSolution
		Debug|Any CPU = Debug|Any CPU
		Release|Any CPU = Release|Any CPU
	EndGlobalSection
	GlobalSection(ProjectConfigurationPlatforms) = postSolution
		{3D958870-BC9C-4D9F-9A05-8EEA4788994C}.Debug|Any CPU.ActiveCfg = Debug|Any CPU
		{3D958870-BC9C-4D9F-9A05-8EEA4788994C}.Debug|Any CPU.Build.0 = Debug|Any CPU
		{3D958870-BC9C-4D9F-9A05-8EEA4788994C}.Release|Any CPU.ActiveCfg = Release|Any CPU
		{3D958870-BC9C-4D9F-9A05-8EEA4788994C}.Release|Any CPU.Build.0 = Release|Any CPU
		{ECB3CEEF-8CFA-4FF0-AADB-DA8507FE9E6C}.Debug|Any CPU.ActiveCfg = Debug|Any CPU
		{ECB3CEEF-8CFA-4FF0-AADB-DA8507FE9E6C}.Debug|Any CPU.Build.0 = Debug|Any CPU
		{ECB3CEEF-8CFA-4FF0-AADB-DA8507FE9E6C}.Release|Any CPU.ActiveCfg = Release|Any CPU
		{ECB3CEEF-8CFA-4FF0-AADB-DA8507FE9E6C}.Release|Any CPU.Build.0 = Release|Any CPU
		{431EAA94-3F1C-43F7-8105-5AC86C76D549}.Debug|Any CPU.ActiveCfg = Debug|Any CPU
		{431EAA94-3F1C-43F7-8105-5AC86C76D549}.Debug|Any CPU.Build.0 = Debug|Any CPU
		{431EAA94-3F1C-43F7-8105-5AC86C76D549}.Release|Any CPU.ActiveCfg = Release|Any CPU
		{431EAA94-3F1C-43F7-8105-5AC86C76D549}.Release|Any CPU.Build.0 = Release|Any CPU
		{014B69E8-2728-4078-9DAC-44E3B828DF1C}.Debug|Any CPU.ActiveCfg = Debug|Any CPU
		{014B69E8-2728-4078-9DAC-44E3B828DF1C}.Debug|Any CPU.Build.0 = Debug|Any CPU
		{014B69E8-2728-4078-9DAC-44E3B828DF1C}.Release|Any CPU.ActiveCfg = Release|Any CPU
		{014B69E8-2728-4078-9DAC-44E3B828DF1C}.Release|Any CPU.Build.0 = Release|Any CPU
		{596FB306-F159-4E12-A7B4-0AFF3E58BB56}.Debug|Any CPU.ActiveCfg = Debug|Any CPU
		{596FB306-F159-4E12-A7B4-0AFF3E58BB56}.Debug|Any CPU.Build.0 = Debug|Any CPU
		{596FB306-F159-4E12-A7B4-0AFF3E58BB56}.Release|Any CPU.ActiveCfg = Release|Any CPU
		{596FB306-F159-4E12-A7B4-0AFF3E58BB56}.Release|Any CPU.Build.0 = Release|Any CPU
		{C7969D9C-A60C-473B-B297-08871575C0C2}.Debug|Any CPU.ActiveCfg = Debug|Any CPU
		{C7969D9C-A60C-473B-B297-08871575C0C2}.Debug|Any CPU.Build.0 = Debug|Any CPU
		{C7969D9C-A60C-473B-B297-08871575C0C2}.Release|Any CPU.ActiveCfg = Release|Any CPU
		{C7969D9C-A60C-473B-B297-08871575C0C2}.Release|Any CPU.Build.0 = Release|Any CPU
		{D93239FC-7AFA-4FB3-9376-E4C01396B58A}.Debug|Any CPU.ActiveCfg = Debug|Any CPU
		{D93239FC-7AFA-4FB3-9376-E4C01396B58A}.Debug|Any CPU.Build.0 = Debug|Any CPU
		{D93239FC-7AFA-4FB3-9376-E4C01396B58A}.Release|Any CPU.ActiveCfg = Release|Any CPU
		{D93239FC-7AFA-4FB3-9376-E4C01396B58A}.Release|Any CPU.Build.0 = Release|Any CPU
	EndGlobalSection
	GlobalSection(SolutionProperties) = preSolution
		HideSolutionNode = FALSE
	EndGlobalSection
	GlobalSection(ExtensibilityGlobals) = postSolution
		SolutionGuid = {0E0E6D77-E027-42CB-B05A-5C1C78672384}
	EndGlobalSection
EndGlobal
